
Microsoft Visual Studio Solution File, Format Version 12.00
# Visual Studio Version 16
VisualStudioVersion = 16.0.31624.102
MinimumVisualStudioVersion = 10.0.40219.1
Project("{FAE04EC0-301F-11D3-BF4B-00C04F79EFBC}") = "dataCoreService", "dataCoreService\dataCoreService.csproj", "{B6765152-3545-455E-9831-2730FD257F04}"
EndProject
Global
	GlobalSection(SolutionConfigurationPlatforms) = preSolution
		Debug|Any CPU = Debug|Any CPU
		Release|Any CPU = Release|Any CPU
	EndGlobalSection
	GlobalSection(ProjectConfigurationPlatforms) = postSolution
		{B6765152-3545-455E-9831-2730FD257F04}.Debug|Any CPU.ActiveCfg = Debug|Any CPU
		{B6765152-3545-455E-9831-2730FD257F04}.Debug|Any CPU.Build.0 = Debug|Any CPU
		{B6765152-3545-455E-9831-2730FD257F04}.Release|Any CPU.ActiveCfg = Release|Any CPU
		{B6765152-3545-455E-9831-2730FD257F04}.Release|Any CPU.Build.0 = Release|Any CPU
	EndGlobalSection
	GlobalSection(SolutionProperties) = preSolution
		HideSolutionNode = FALSE
	EndGlobalSection
	GlobalSection(ExtensibilityGlobals) = postSolution
		SolutionGuid = {685D202E-1851-4840-B206-9A9F512ED9DE}
	EndGlobalSection
EndGlobal
